
Microsoft Visual Studio Solution File, Format Version 12.00
# Visual Studio 15
VisualStudioVersion = 15.0.28307.168
MinimumVisualStudioVersion = 10.0.40219.1
Project("{2150E333-8FDC-42A3-9474-1A3956D46DE8}") = "src", "src", "{2DED66AB-DC0A-4B7D-BF0D-6D2BAEA97336}"
EndProject
Project("{2150E333-8FDC-42A3-9474-1A3956D46DE8}") = "tests", "tests", "{CA809E9A-BAF8-4B5E-967F-923937692CAB}"
EndProject
Project("{FAE04EC0-301F-11D3-BF4B-00C04F79EFBC}") = "CleanCode.Demo.Core", "src\CleanCode.Demo.Core\CleanCode.Demo.Core.csproj", "{4D726505-2655-4C26-8442-B8080009AF2F}"
EndProject
Project("{FAE04EC0-301F-11D3-BF4B-00C04F79EFBC}") = "CleanCode.Demo.Infrastructure", "src\CleanCode.Demo.Infrastructure\CleanCode.Demo.Infrastructure.csproj", "{2B4A2C57-DFFA-444A-8552-56CE554B7ECD}"
EndProject
Project("{FAE04EC0-301F-11D3-BF4B-00C04F79EFBC}") = "CleanCode.Demo.WebAPI", "src\CleanCode.Demo.WebAPI\CleanCode.Demo.WebAPI.csproj", "{ADAB8BD8-5538-4EF7-89C7-A4D1173B2A3C}"
EndProject
Project("{FAE04EC0-301F-11D3-BF4B-00C04F79EFBC}") = "CleanCode.Demo.Tests", "tests\CleanCode.Demo.Tests\CleanCode.Demo.Tests.csproj", "{8864B736-D13D-4267-AA4F-D6AB320F7828}"
EndProject
Global
	GlobalSection(SolutionConfigurationPlatforms) = preSolution
		Debug|Any CPU = Debug|Any CPU
		Release|Any CPU = Release|Any CPU
	EndGlobalSection
	GlobalSection(ProjectConfigurationPlatforms) = postSolution
		{4D726505-2655-4C26-8442-B8080009AF2F}.Debug|Any CPU.ActiveCfg = Debug|Any CPU
		{4D726505-2655-4C26-8442-B8080009AF2F}.Debug|Any CPU.Build.0 = Debug|Any CPU
		{4D726505-2655-4C26-8442-B8080009AF2F}.Release|Any CPU.ActiveCfg = Release|Any CPU
		{4D726505-2655-4C26-8442-B8080009AF2F}.Release|Any CPU.Build.0 = Release|Any CPU
		{2B4A2C57-DFFA-444A-8552-56CE554B7ECD}.Debug|Any CPU.ActiveCfg = Debug|Any CPU
		{2B4A2C57-DFFA-444A-8552-56CE554B7ECD}.Debug|Any CPU.Build.0 = Debug|Any CPU
		{2B4A2C57-DFFA-444A-8552-56CE554B7ECD}.Release|Any CPU.ActiveCfg = Release|Any CPU
		{2B4A2C57-DFFA-444A-8552-56CE554B7ECD}.Release|Any CPU.Build.0 = Release|Any CPU
		{ADAB8BD8-5538-4EF7-89C7-A4D1173B2A3C}.Debug|Any CPU.ActiveCfg = Debug|Any CPU
		{ADAB8BD8-5538-4EF7-89C7-A4D1173B2A3C}.Debug|Any CPU.Build.0 = Debug|Any CPU
		{ADAB8BD8-5538-4EF7-89C7-A4D1173B2A3C}.Release|Any CPU.ActiveCfg = Release|Any CPU
		{ADAB8BD8-5538-4EF7-89C7-A4D1173B2A3C}.Release|Any CPU.Build.0 = Release|Any CPU
		{8864B736-D13D-4267-AA4F-D6AB320F7828}.Debug|Any CPU.ActiveCfg = Debug|Any CPU
		{8864B736-D13D-4267-AA4F-D6AB320F7828}.Debug|Any CPU.Build.0 = Debug|Any CPU
		{8864B736-D13D-4267-AA4F-D6AB320F7828}.Release|Any CPU.ActiveCfg = Release|Any CPU
		{8864B736-D13D-4267-AA4F-D6AB320F7828}.Release|Any CPU.Build.0 = Release|Any CPU
	EndGlobalSection
	GlobalSection(SolutionProperties) = preSolution
		HideSolutionNode = FALSE
	EndGlobalSection
	GlobalSection(NestedProjects) = preSolution
		{4D726505-2655-4C26-8442-B8080009AF2F} = {2DED66AB-DC0A-4B7D-BF0D-6D2BAEA97336}
		{2B4A2C57-DFFA-444A-8552-56CE554B7ECD} = {2DED66AB-DC0A-4B7D-BF0D-6D2BAEA97336}
		{ADAB8BD8-5538-4EF7-89C7-A4D1173B2A3C} = {2DED66AB-DC0A-4B7D-BF0D-6D2BAEA97336}
		{8864B736-D13D-4267-AA4F-D6AB320F7828} = {CA809E9A-BAF8-4B5E-967F-923937692CAB}
	EndGlobalSection
	GlobalSection(ExtensibilityGlobals) = postSolution
		SolutionGuid = {0F35E807-32B1-4440-A87F-D83B2F64262F}
	EndGlobalSection
EndGlobal
